
Microsoft Visual Studio Solution File, Format Version 12.00
# Visual Studio 15
VisualStudioVersion = 15.0.28307.329
MinimumVisualStudioVersion = 10.0.40219.1
Project("{FAE04EC0-301F-11D3-BF4B-00C04F79EFBC}") = "VuCorgi", "VuCorgi\VuCorgi.csproj", "{0BB9340B-01B6-4A8F-BB04-4377D1ABD69B}"
EndProject
Project("{FAE04EC0-301F-11D3-BF4B-00C04F79EFBC}") = "VuBongBong Library", "VuBongBong Library\VuBongBong Library.csproj", "{94142725-C839-45B2-9140-0CB99BD6BDB4}"
EndProject
Global
	GlobalSection(SolutionConfigurationPlatforms) = preSolution
		Debug|Any CPU = Debug|Any CPU
		Release|Any CPU = Release|Any CPU
	EndGlobalSection
	GlobalSection(ProjectConfigurationPlatforms) = postSolution
		{0BB9340B-01B6-4A8F-BB04-4377D1ABD69B}.Debug|Any CPU.ActiveCfg = Debug|Any CPU
		{0BB9340B-01B6-4A8F-BB04-4377D1ABD69B}.Debug|Any CPU.Build.0 = Debug|Any CPU
		{0BB9340B-01B6-4A8F-BB04-4377D1ABD69B}.Release|Any CPU.ActiveCfg = Release|Any CPU
		{0BB9340B-01B6-4A8F-BB04-4377D1ABD69B}.Release|Any CPU.Build.0 = Release|Any CPU
		{94142725-C839-45B2-9140-0CB99BD6BDB4}.Debug|Any CPU.ActiveCfg = Debug|Any CPU
		{94142725-C839-45B2-9140-0CB99BD6BDB4}.Debug|Any CPU.Build.0 = Debug|Any CPU
		{94142725-C839-45B2-9140-0CB99BD6BDB4}.Release|Any CPU.ActiveCfg = Release|Any CPU
		{94142725-C839-45B2-9140-0CB99BD6BDB4}.Release|Any CPU.Build.0 = Release|Any CPU
	EndGlobalSection
	GlobalSection(SolutionProperties) = preSolution
		HideSolutionNode = FALSE
	EndGlobalSection
	GlobalSection(ExtensibilityGlobals) = postSolution
		SolutionGuid = {D23428C1-C0E3-474C-B15A-A60668F31B2E}
	EndGlobalSection
EndGlobal
